[[package]]
name = "commonmark"
version = "0.9.1"
description = "Python parser for the CommonMark Markdown spec"
category = "main"
optional = false
python-versions = "*"

[package.extras]
test = ["flake8 (==3.7.8)", "hypothesis (==3.55.3)"]

[[package]]
name = "gitdb"
version = "4.0.9"
description = "Git Object Database"
category = "main"
optional = false
python-versions = ">=3.6"

[package.dependencies]
smmap = ">=3.0.1,<6"

[[package]]
name = "gitpython"
version = "3.1.27"
description = "GitPython is a python library used to interact with Git repositories"
category = "main"
optional = false
python-versions = ">=3.7"

[package.dependencies]
gitdb = ">=4.0.1,<5"

[[package]]
name = "lizard"
version = "1.17.9"
description = "A code analyzer without caring the C/C++ header files. It works with Java, C/C++, JavaScript, Python, Ruby, Swift, Objective C. Metrics includes cyclomatic complexity number etc."
category = "main"
optional = false
python-versions = "*"

[[package]]
name = "pydriller"
version = "2.1"
description = "Framework for MSR"
category = "main"
optional = false
python-versions = ">=3.5"

[package.dependencies]
gitpython = "*"
lizard = "*"
pytz = "*"
types-pytz = "*"

[[package]]
name = "pygments"
version = "2.11.2"
description = "Pygments is a syntax highlighting package written in Python."
category = "main"
optional = false
python-versions = ">=3.5"

[[package]]
name = "pytz"
version = "2022.1"
description = "World timezone definitions, modern and historical"
category = "main"
optional = false
python-versions = "*"

[[package]]
name = "rich"
version = "12.2.0"
description = "Render rich text, tables, progress bars, syntax highlighting, markdown and more to the terminal"
category = "main"
optional = false
python-versions = ">=3.6.3,<4.0.0"

[package.dependencies]
commonmark = ">=0.9.0,<0.10.0"
pygments = ">=2.6.0,<3.0.0"

[package.extras]
jupyter = ["ipywidgets (>=7.5.1,<8.0.0)"]

[[package]]
name = "smmap"
version = "5.0.0"
description = "A pure Python implementation of a sliding window memory map manager"
category = "main"
optional = false
python-versions = ">=3.6"

[[package]]
name = "types-pytz"
version = "2021.3.6"
description = "Typing stubs for pytz"
category = "main"
optional = false
python-versions = "*"

[metadata]
lock-version = "1.1"
python-versions = "^3.10"
content-hash = "754d42b00281532982b0e3dfc0c62411b0563270aeb76a3a70cac6a3a58f7360"

[metadata.files]
commonmark = [
    {file = "commonmark-0.9.1-py2.py3-none-any.whl", hash = "sha256:da2f38c92590f83de410ba1a3cbceafbc74fee9def35f9251ba9a971d6d66fd9"},
    {file = "commonmark-0.9.1.tar.gz", hash = "sha256:452f9dc859be7f06631ddcb328b6919c67984aca654e5fefb3914d54691aed60"},
]
gitdb = [
    {file = "gitdb-4.0.9-py3-none-any.whl", hash = "sha256:8033ad4e853066ba6ca92050b9df2f89301b8fc8bf7e9324d412a63f8bf1a8fd"},
    {file = "gitdb-4.0.9.tar.gz", hash = "sha256:bac2fd45c0a1c9cf619e63a90d62bdc63892ef92387424b855792a6cabe789aa"},
]
gitpython = [
    {file = "GitPython-3.1.27-py3-none-any.whl", hash = "sha256:5b68b000463593e05ff2b261acff0ff0972df8ab1b70d3cdbd41b546c8b8fc3d"},
    {file = "GitPython-3.1.27.tar.gz", hash = "sha256:1c885ce809e8ba2d88a29befeb385fcea06338d3640712b59ca623c220bb5704"},
]
lizard = [
    {file = "lizard-1.17.9-py2.py3-none-any.whl", hash = "sha256:3a5c429321e67d4a1970adb30ce8c6aebf4688c275b2589d89b4bbd6ed3d40a9"},
    {file = "lizard-1.17.9.tar.gz", hash = "sha256:76ee0e631d985bea1dd6521a03c6c2fa9dce5a2248b3d26c49890e9e085b7aed"},
]
pydriller = [
    {file = "PyDriller-2.1-py3-none-any.whl", hash = "sha256:5be420c3630cc29b59d1938dfbb337c41d07689b83c7df98f19a4563bb80d005"},
]
pygments = [
    {file = "Pygments-2.11.2-py3-none-any.whl", hash = "sha256:44238f1b60a76d78fc8ca0528ee429702aae011c265fe6a8dd8b63049ae41c65"},
    {file = "Pygments-2.11.2.tar.gz", hash = "sha256:4e426f72023d88d03b2fa258de560726ce890ff3b630f88c21cbb8b2503b8c6a"},
]
pytz = [
    {file = "pytz-2022.1-py2.py3-none-any.whl", hash = "sha256:e68985985296d9a66a881eb3193b0906246245294a881e7c8afe623866ac6a5c"},
    {file = "pytz-2022.1.tar.gz", hash = "sha256:1e760e2fe6a8163bc0b3d9a19c4f84342afa0a2affebfaa84b01b978a02ecaa7"},
]
rich = [
    {file = "rich-12.2.0-py3-none-any.whl", hash = "sha256:c50f3d253bc6a9bb9c79d61a26d510d74abdf1b16881260fab5edfc3edfb082f"},
    {file = "rich-12.2.0.tar.gz", hash = "sha256:ea74bc9dad9589d8eea3e3fd0b136d8bf6e428888955f215824c2894f0da8b47"},
]
smmap = [
    {file = "smmap-5.0.0-py3-none-any.whl", hash = "sha256:2aba19d6a040e78d8b09de5c57e96207b09ed71d8e55ce0959eeee6c8e190d94"},
    {file = "smmap-5.0.0.tar.gz", hash = "sha256:c840e62059cd3be204b0c9c9f74be2c09d5648eddd4580d9314c3ecde0b30936"},
]
types-pytz = [
    {file = "types-pytz-2021.3.6.tar.gz", hash = "sha256:74547fd90d8d8ab4f1eedf3a344a7d186d97486973895f81221a712e1e2cd993"},
    {file = "types_pytz-2021.3.6-py3-none-any.whl", hash = "sha256:6805c72d51118923c5bf98633c39593d5b464d2ab49a803440e2d7ab6b8920df"},
]
